
Microsoft Visual Studio Solution File, Format Version 12.00
# Visual Studio Version 16
VisualStudioVersion = 16.0.34601.136
MinimumVisualStudioVersion = 10.0.40219.1
Project("{FAE04EC0-301F-11D3-BF4B-00C04F79EFBC}") = "SACK 1.1", "SAK 1.1\SACK 1.1.csproj", "{F6C4DB82-D523-40CE-9196-D0EC67883013}"
EndProject
Global
	GlobalSection(SolutionConfigurationPlatforms) = preSolution
		Debug|Any CPU = Debug|Any CPU
		Release|Any CPU = Release|Any CPU
	EndGlobalSection
	GlobalSection(ProjectConfigurationPlatforms) = postSolution
		{F6C4DB82-D523-40CE-9196-D0EC67883013}.Debug|Any CPU.ActiveCfg = Debug|Any CPU
		{F6C4DB82-D523-40CE-9196-D0EC67883013}.Debug|Any CPU.Build.0 = Debug|Any CPU
		{F6C4DB82-D523-40CE-9196-D0EC67883013}.Release|Any CPU.ActiveCfg = Release|Any CPU
		{F6C4DB82-D523-40CE-9196-D0EC67883013}.Release|Any CPU.Build.0 = Release|Any CPU
	EndGlobalSection
	GlobalSection(SolutionProperties) = preSolution
		HideSolutionNode = FALSE
	EndGlobalSection
	GlobalSection(ExtensibilityGlobals) = postSolution
		SolutionGuid = {34A66F11-722A-4159-935A-F33A28C45F0E}
	EndGlobalSection
EndGlobal
